
Microsoft Visual Studio Solution File, Format Version 12.00
# Visual Studio Version 17
VisualStudioVersion = 17.0.32014.148
MinimumVisualStudioVersion = 10.0.40219.1
Project("{FAE04EC0-301F-11D3-BF4B-00C04F79EFBC}") = "tanfel", "tanfel\tanfel.csproj", "{20AF7756-CF12-4583-BB00-C10F20BE8C79}"
EndProject
Global
	GlobalSection(SolutionConfigurationPlatforms) = preSolution
		Debug|Any CPU = Debug|Any CPU
		Release|Any CPU = Release|Any CPU
	EndGlobalSection
	GlobalSection(ProjectConfigurationPlatforms) = postSolution
		{20AF7756-CF12-4583-BB00-C10F20BE8C79}.Debug|Any CPU.ActiveCfg = Debug|Any CPU
		{20AF7756-CF12-4583-BB00-C10F20BE8C79}.Debug|Any CPU.Build.0 = Debug|Any CPU
		{20AF7756-CF12-4583-BB00-C10F20BE8C79}.Release|Any CPU.ActiveCfg = Release|Any CPU
		{20AF7756-CF12-4583-BB00-C10F20BE8C79}.Release|Any CPU.Build.0 = Release|Any CPU
	EndGlobalSection
	GlobalSection(SolutionProperties) = preSolution
		HideSolutionNode = FALSE
	EndGlobalSection
	GlobalSection(ExtensibilityGlobals) = postSolution
		SolutionGuid = {3B43E3A4-574B-409A-B8E4-978EEA43B9C2}
	EndGlobalSection
EndGlobal
